
Microsoft Visual Studio Solution File, Format Version 12.00
# Visual Studio 15
VisualStudioVersion = 15.0.28307.705
MinimumVisualStudioVersion = 10.0.40219.1
Project("{8BC9CEB8-8B4A-11D0-8D11-00A0C91BC942}") = "Q7_4", "Q7_4\Q7_4.vcxproj", "{9C80BB8D-DA9F-45C2-B480-1F53EE05AB0B}"
EndProject
Global
	GlobalSection(SolutionConfigurationPlatforms) = preSolution
		Debug|x64 = Debug|x64
		Debug|x86 = Debug|x86
		Release|x64 = Release|x64
		Release|x86 = Release|x86
	EndGlobalSection
	GlobalSection(ProjectConfigurationPlatforms) = postSolution
		{9C80BB8D-DA9F-45C2-B480-1F53EE05AB0B}.Debug|x64.ActiveCfg = Debug|x64
		{9C80BB8D-DA9F-45C2-B480-1F53EE05AB0B}.Debug|x64.Build.0 = Debug|x64
		{9C80BB8D-DA9F-45C2-B480-1F53EE05AB0B}.Debug|x86.ActiveCfg = Debug|Win32
		{9C80BB8D-DA9F-45C2-B480-1F53EE05AB0B}.Debug|x86.Build.0 = Debug|Win32
		{9C80BB8D-DA9F-45C2-B480-1F53EE05AB0B}.Release|x64.ActiveCfg = Release|x64
		{9C80BB8D-DA9F-45C2-B480-1F53EE05AB0B}.Release|x64.Build.0 = Release|x64
		{9C80BB8D-DA9F-45C2-B480-1F53EE05AB0B}.Release|x86.ActiveCfg = Release|Win32
		{9C80BB8D-DA9F-45C2-B480-1F53EE05AB0B}.Release|x86.Build.0 = Release|Win32
	EndGlobalSection
	GlobalSection(SolutionProperties) = preSolution
		HideSolutionNode = FALSE
	EndGlobalSection
	GlobalSection(ExtensibilityGlobals) = postSolution
		SolutionGuid = {0A2AAB95-EBE5-455F-89F7-039E97D35AF9}
	EndGlobalSection
EndGlobal
