
Microsoft Visual Studio Solution File, Format Version 12.00
# Visual Studio 15
VisualStudioVersion = 15.0.28307.705
MinimumVisualStudioVersion = 10.0.40219.1
Project("{8BC9CEB8-8B4A-11D0-8D11-00A0C91BC942}") = "P13_2", "P13_2\P13_2.vcxproj", "{265C37CF-473E-4E4B-9A38-6184544421CC}"
EndProject
Global
	GlobalSection(SolutionConfigurationPlatforms) = preSolution
		Debug|x64 = Debug|x64
		Debug|x86 = Debug|x86
		Release|x64 = Release|x64
		Release|x86 = Release|x86
	EndGlobalSection
	GlobalSection(ProjectConfigurationPlatforms) = postSolution
		{265C37CF-473E-4E4B-9A38-6184544421CC}.Debug|x64.ActiveCfg = Debug|x64
		{265C37CF-473E-4E4B-9A38-6184544421CC}.Debug|x64.Build.0 = Debug|x64
		{265C37CF-473E-4E4B-9A38-6184544421CC}.Debug|x86.ActiveCfg = Debug|Win32
		{265C37CF-473E-4E4B-9A38-6184544421CC}.Debug|x86.Build.0 = Debug|Win32
		{265C37CF-473E-4E4B-9A38-6184544421CC}.Release|x64.ActiveCfg = Release|x64
		{265C37CF-473E-4E4B-9A38-6184544421CC}.Release|x64.Build.0 = Release|x64
		{265C37CF-473E-4E4B-9A38-6184544421CC}.Release|x86.ActiveCfg = Release|Win32
		{265C37CF-473E-4E4B-9A38-6184544421CC}.Release|x86.Build.0 = Release|Win32
	EndGlobalSection
	GlobalSection(SolutionProperties) = preSolution
		HideSolutionNode = FALSE
	EndGlobalSection
	GlobalSection(ExtensibilityGlobals) = postSolution
		SolutionGuid = {D53A2FB5-4554-44EB-8B5B-68CB5D956DA2}
	EndGlobalSection
EndGlobal
