
Microsoft Visual Studio Solution File, Format Version 12.00
# Visual Studio 15
VisualStudioVersion = 15.0.28307.705
MinimumVisualStudioVersion = 10.0.40219.1
Project("{8BC9CEB8-8B4A-11D0-8D11-00A0C91BC942}") = "P8_2", "P8_2\P8_2.vcxproj", "{DE497BF9-E479-4298-A414-256F126E50AF}"
EndProject
Global
	GlobalSection(SolutionConfigurationPlatforms) = preSolution
		Debug|x64 = Debug|x64
		Debug|x86 = Debug|x86
		Release|x64 = Release|x64
		Release|x86 = Release|x86
	EndGlobalSection
	GlobalSection(ProjectConfigurationPlatforms) = postSolution
		{DE497BF9-E479-4298-A414-256F126E50AF}.Debug|x64.ActiveCfg = Debug|x64
		{DE497BF9-E479-4298-A414-256F126E50AF}.Debug|x64.Build.0 = Debug|x64
		{DE497BF9-E479-4298-A414-256F126E50AF}.Debug|x86.ActiveCfg = Debug|Win32
		{DE497BF9-E479-4298-A414-256F126E50AF}.Debug|x86.Build.0 = Debug|Win32
		{DE497BF9-E479-4298-A414-256F126E50AF}.Release|x64.ActiveCfg = Release|x64
		{DE497BF9-E479-4298-A414-256F126E50AF}.Release|x64.Build.0 = Release|x64
		{DE497BF9-E479-4298-A414-256F126E50AF}.Release|x86.ActiveCfg = Release|Win32
		{DE497BF9-E479-4298-A414-256F126E50AF}.Release|x86.Build.0 = Release|Win32
	EndGlobalSection
	GlobalSection(SolutionProperties) = preSolution
		HideSolutionNode = FALSE
	EndGlobalSection
	GlobalSection(ExtensibilityGlobals) = postSolution
		SolutionGuid = {BB89CC5D-902A-4861-B84F-23928B4FBC0C}
	EndGlobalSection
EndGlobal
